// !$*UTF8*$!
{
	archiveVersion = 1;
	classes = {
	};
	objectVersion = 50;
	objects = {

/* Begin PBXBuildFile section */
		D2CD343620C37FA2005BD531 /* AppDelegate.swift in Sources */ = {isa = PBXBuildFile; fileRef = D2CD343520C37FA2005BD531 /* AppDelegate.swift */; };
		D2CD343820C37FA2005BD531 /* EMViperViewController.swift in Sources */ = {isa = PBXBuildFile; fileRef = D2CD343720C37FA2005BD531 /* EMViperViewController.swift */; };
		D2CD343A20C37FA6005BD531 /* Assets.xcassets in Resources */ = {isa = PBXBuildFile; fileRef = D2CD343920C37FA6005BD531 /* Assets.xcassets */; };
		D2CD343D20C37FA6005BD531 /* Main.storyboard in Resources */ = {isa = PBXBuildFile; fileRef = D2CD343B20C37FA6005BD531 /* Main.storyboard */; };
		D2CD344620C380B1005BD531 /* EMViper.framework in Frameworks */ = {isa = PBXBuildFile; fileRef = D2CD344520C380B0005BD531 /* EMViper.framework */; };
		D2CD344820C3814E005BD531 /* EMViper.framework in Embed Frameworks */ = {isa = PBXBuildFile; fileRef = D2CD344520C380B0005BD531 /* EMViper.framework */; settings = {ATTRIBUTES = (CodeSignOnCopy, RemoveHeadersOnCopy, ); }; };
/* End PBXBuildFile section */

/* Begin PBXCopyFilesBuildPhase section */
		D2CD344920C3814E005BD531 /* Embed Frameworks */ = {
			isa = PBXCopyFilesBuildPhase;
			buildActionMask = 2147483647;
			dstPath = "";
			dstSubfolderSpec = 10;
			files = (
				D2CD344820C3814E005BD531 /* EMViper.framework in Embed Frameworks */,
			);
			name = "Embed Frameworks";
			runOnlyForDeploymentPostprocessing = 0;
		};
/* End PBXCopyFilesBuildPhase section */

/* Begin PBXFileReference section */
		D2CD343220C37FA2005BD531 /* EMViperGenerator.app */ = {isa = PBXFileReference; explicitFileType = wrapper.application; includeInIndex = 0; path = EMViperGenerator.app; sourceTree = BUILT_PRODUCTS_DIR; };
		D2CD343520C37FA2005BD531 /* AppDelegate.swift */ = {isa = PBXFileReference; lastKnownFileType = sourcecode.swift; path = AppDelegate.swift; sourceTree = "<group>"; };
		D2CD343720C37FA2005BD531 /* EMViperViewController.swift */ = {isa = PBXFileReference; lastKnownFileType = sourcecode.swift; path = EMViperViewController.swift; sourceTree = "<group>"; };
		D2CD343920C37FA6005BD531 /* Assets.xcassets */ = {isa = PBXFileReference; lastKnownFileType = folder.assetcatalog; path = Assets.xcassets; sourceTree = "<group>"; };
		D2CD343C20C37FA6005BD531 /* Base */ = {isa = PBXFileReference; lastKnownFileType = file.storyboard; name = Base; path = Base.lproj/Main.storyboard; sourceTree = "<group>"; };
		D2CD343E20C37FA6005BD531 /* Info.plist */ = {isa = PBXFileReference; lastKnownFileType = text.plist.xml; path = Info.plist; sourceTree = "<group>"; };
		D2CD343F20C37FA6005BD531 /* EMViperGenerator.entitlements */ = {isa = PBXFileReference; lastKnownFileType = text.plist.entitlements; path = EMViperGenerator.entitlements; sourceTree = "<group>"; };
		D2CD344520C380B0005BD531 /* EMViper.framework */ = {isa = PBXFileReference; lastKnownFileType = wrapper.framework; path = EMViper.framework; sourceTree = "<group>"; };
/* End PBXFileReference section */

/* Begin PBXFrameworksBuildPhase section */
		D2CD342F20C37FA2005BD531 /* Frameworks */ = {
			isa = PBXFrameworksBuildPhase;
			buildActionMask = 2147483647;
			files = (
				D2CD344620C380B1005BD531 /* EMViper.framework in Frameworks */,
			);
			runOnlyForDeploymentPostprocessing = 0;
		};
/* End PBXFrameworksBuildPhase section */

/* Begin PBXGroup section */
		D2CD342920C37FA2005BD531 = {
			isa = PBXGroup;
			children = (
				D2CD344520C380B0005BD531 /* EMViper.framework */,
				D2CD343420C37FA2005BD531 /* EMViperGenerator */,
				D2CD343320C37FA2005BD531 /* Products */,
			);
			sourceTree = "<group>";
		};
		D2CD343320C37FA2005BD531 /* Products */ = {
			isa = PBXGroup;
			children = (
				D2CD343220C37FA2005BD531 /* EMViperGenerator.app */,
			);
			name = Products;
			sourceTree = "<group>";
		};
		D2CD343420C37FA2005BD531 /* EMViperGenerator */ = {
			isa = PBXGroup;
			children = (
				D2CD343520C37FA2005BD531 /* AppDelegate.swift */,
				D2CD343720C37FA2005BD531 /* EMViperViewController.swift */,
				D2CD343920C37FA6005BD531 /* Assets.xcassets */,
				D2CD343B20C37FA6005BD531 /* Main.storyboard */,
				D2CD343E20C37FA6005BD531 /* Info.plist */,
				D2CD343F20C37FA6005BD531 /* EMViperGenerator.entitlements */,
			);
			path = EMViperGenerator;
			sourceTree = "<group>";
		};
/* End PBXGroup section */

/* Begin PBXNativeTarget section */
		D2CD343120C37FA2005BD531 /* EMViperGenerator */ = {
			isa = PBXNativeTarget;
			buildConfigurationList = D2CD344220C37FA6005BD531 /* Build configuration list for PBXNativeTarget "EMViperGenerator" */;
			buildPhases = (
				D2CD342E20C37FA2005BD531 /* Sources */,
				D2CD342F20C37FA2005BD531 /* Frameworks */,
				D2CD343020C37FA2005BD531 /* Resources */,
				D2CD344920C3814E005BD531 /* Embed Frameworks */,
			);
			buildRules = (
			);
			dependencies = (
			);
			name = EMViperGenerator;
			productName = EMViperGenerator;
			productReference = D2CD343220C37FA2005BD531 /* EMViperGenerator.app */;
			productType = "com.apple.product-type.application";
		};
/* End PBXNativeTarget section */

/* Begin PBXProject section */
		D2CD342A20C37FA2005BD531 /* Project object */ = {
			isa = PBXProject;
			attributes = {
				LastSwiftUpdateCheck = 0930;
				LastUpgradeCheck = 0930;
				ORGANIZATIONNAME = ErmanMaris;
				TargetAttributes = {
					D2CD343120C37FA2005BD531 = {
						CreatedOnToolsVersion = 9.3;
					};
				};
			};
			buildConfigurationList = D2CD342D20C37FA2005BD531 /* Build configuration list for PBXProject "EMViperGenerator" */;
			compatibilityVersion = "Xcode 9.3";
			developmentRegion = en;
			hasScannedForEncodings = 0;
			knownRegions = (
				en,
				Base,
			);
			mainGroup = D2CD342920C37FA2005BD531;
			productRefGroup = D2CD343320C37FA2005BD531 /* Products */;
			projectDirPath = "";
			projectRoot = "";
			targets = (
				D2CD343120C37FA2005BD531 /* EMViperGenerator */,
			);
		};
/* End PBXProject section */

/* Begin PBXResourcesBuildPhase section */
		D2CD343020C37FA2005BD531 /* Resources */ = {
			isa = PBXResourcesBuildPhase;
			buildActionMask = 2147483647;
			files = (
				D2CD343A20C37FA6005BD531 /* Assets.xcassets in Resources */,
				D2CD343D20C37FA6005BD531 /* Main.storyboard in Resources */,
			);
			runOnlyForDeploymentPostprocessing = 0;
		};
/* End PBXResourcesBuildPhase section */

/* Begin PBXSourcesBuildPhase section */
		D2CD342E20C37FA2005BD531 /* Sources */ = {
			isa = PBXSourcesBuildPhase;
			buildActionMask = 2147483647;
			files = (
				D2CD343820C37FA2005BD531 /* EMViperViewController.swift in Sources */,
				D2CD343620C37FA2005BD531 /* AppDelegate.swift in Sources */,
			);
			runOnlyForDeploymentPostprocessing = 0;
		};
/* End PBXSourcesBuildPhase section */

/* Begin PBXVariantGroup section */
		D2CD343B20C37FA6005BD531 /* Main.storyboard */ = {
			isa = PBXVariantGroup;
			children = (
				D2CD343C20C37FA6005BD531 /* Base */,
			);
			name = Main.storyboard;
			sourceTree = "<group>";
		};
/* End PBXVariantGroup section */

/* Begin XCBuildConfiguration section */
		D2CD344020C37FA6005BD531 /* Debug */ = {
			isa = XCBuildConfiguration;
			buildSettings = {
				ALWAYS_SEARCH_USER_PATHS = NO;
				CLANG_ANALYZER_NONNULL = YES;
				CLANG_ANALYZER_NUMBER_OBJECT_CONVERSION = YES_AGGRESSIVE;
				CLANG_CXX_LANGUAGE_STANDARD = "gnu++14";
				CLANG_CXX_LIBRARY = "libc++";
				CLANG_ENABLE_MODULES = YES;
				CLANG_ENABLE_OBJC_ARC = YES;
				CLANG_ENABLE_OBJC_WEAK = YES;
				CLANG_WARN_BLOCK_CAPTURE_AUTORELEASING = YES;
				CLANG_WARN_BOOL_CONVERSION = YES;
				CLANG_WARN_COMMA = YES;
				CLANG_WARN_CONSTANT_CONVERSION = YES;
				CLANG_WARN_DEPRECATED_OBJC_IMPLEMENTATIONS = YES;
				CLANG_WARN_DIRECT_OBJC_ISA_USAGE = YES_ERROR;
				CLANG_WARN_DOCUMENTATION_COMMENTS = YES;
				CLANG_WARN_EMPTY_BODY = YES;
				CLANG_WARN_ENUM_CONVERSION = YES;
				CLANG_WARN_INFINITE_RECURSION = YES;
				CLANG_WARN_INT_CONVERSION = YES;
				CLANG_WARN_NON_LITERAL_NULL_CONVERSION = YES;
				CLANG_WARN_OBJC_IMPLICIT_RETAIN_SELF = YES;
				CLANG_WARN_OBJC_LITERAL_CONVERSION = YES;
				CLANG_WARN_OBJC_ROOT_CLASS = YES_ERROR;
				CLANG_WARN_RANGE_LOOP_ANALYSIS = YES;
				CLANG_WARN_STRICT_PROTOTYPES = YES;
				CLANG_WARN_SUSPICIOUS_MOVE = YES;
				CLANG_WARN_UNGUARDED_AVAILABILITY = YES_AGGRESSIVE;
				CLANG_WARN_UNREACHABLE_CODE = YES;
				CLANG_WARN__DUPLICATE_METHOD_MATCH = YES;
				CODE_SIGN_IDENTITY = "Mac Developer";
				COPY_PHASE_STRIP = NO;
				DEBUG_INFORMATION_FORMAT = dwarf;
				ENABLE_STRICT_OBJC_MSGSEND = YES;
				ENABLE_TESTABILITY = YES;
				GCC_C_LANGUAGE_STANDARD = gnu11;
				GCC_DYNAMIC_NO_PIC = NO;
				GCC_NO_COMMON_BLOCKS = YES;
				GCC_OPTIMIZATION_LEVEL = 0;
				GCC_PREPROCESSOR_DEFINITIONS = (
					"DEBUG=1",
					"$(inherited)",
				);
				GCC_WARN_64_TO_32_BIT_CONVERSION = YES;
				GCC_WARN_ABOUT_RETURN_TYPE = YES_ERROR;
				GCC_WARN_UNDECLARED_SELECTOR = YES;
				GCC_WARN_UNINITIALIZED_AUTOS = YES_AGGRESSIVE;
				GCC_WARN_UNUSED_FUNCTION = YES;
				GCC_WARN_UNUSED_VARIABLE = YES;
				MACOSX_DEPLOYMENT_TARGET = 10.13;
				MTL_ENABLE_DEBUG_INFO = YES;
				ONLY_ACTIVE_ARCH = YES;
				SDKROOT = macosx;
				SWIFT_ACTIVE_COMPILATION_CONDITIONS = DEBUG;
				SWIFT_OPTIMIZATION_LEVEL = "-Onone";
			};
			name = Debug;
		};
		D2CD344120C37FA6005BD531 /* Release */ = {
			isa = XCBuildConfiguration;
			buildSettings = {
				ALWAYS_SEARCH_USER_PATHS = NO;
				CLANG_ANALYZER_NONNULL = YES;
				CLANG_ANALYZER_NUMBER_OBJECT_CONVERSION = YES_AGGRESSIVE;
				CLANG_CXX_LANGUAGE_STANDARD = "gnu++14";
				CLANG_CXX_LIBRARY = "libc++";
				CLANG_ENABLE_MODULES = YES;
				CLANG_ENABLE_OBJC_ARC = YES;
				CLANG_ENABLE_OBJC_WEAK = YES;
				CLANG_WARN_BLOCK_CAPTURE_AUTORELEASING = YES;
				CLANG_WARN_BOOL_CONVERSION = YES;
				CLANG_WARN_COMMA = YES;
				CLANG_WARN_CONSTANT_CONVERSION = YES;
				CLANG_WARN_DEPRECATED_OBJC_IMPLEMENTATIONS = YES;
				CLANG_WARN_DIRECT_OBJC_ISA_USAGE = YES_ERROR;
				CLANG_WARN_DOCUMENTATION_COMMENTS = YES;
				CLANG_WARN_EMPTY_BODY = YES;
				CLANG_WARN_ENUM_CONVERSION = YES;
				CLANG_WARN_INFINITE_RECURSION = YES;
				CLANG_WARN_INT_CONVERSION = YES;
				CLANG_WARN_NON_LITERAL_NULL_CONVERSION = YES;
				CLANG_WARN_OBJC_IMPLICIT_RETAIN_SELF = YES;
				CLANG_WARN_OBJC_LITERAL_CONVERSION = YES;
				CLANG_WARN_OBJC_ROOT_CLASS = YES_ERROR;
				CLANG_WARN_RANGE_LOOP_ANALYSIS = YES;
				CLANG_WARN_STRICT_PROTOTYPES = YES;
				CLANG_WARN_SUSPICIOUS_MOVE = YES;
				CLANG_WARN_UNGUARDED_AVAILABILITY = YES_AGGRESSIVE;
				CLANG_WARN_UNREACHABLE_CODE = YES;
				CLANG_WARN__DUPLICATE_METHOD_MATCH = YES;
				CODE_SIGN_IDENTITY = "Mac Developer";
				COPY_PHASE_STRIP = NO;
				DEBUG_INFORMATION_FORMAT = "dwarf-with-dsym";
				ENABLE_NS_ASSERTIONS = NO;
				ENABLE_STRICT_OBJC_MSGSEND = YES;
				GCC_C_LANGUAGE_STANDARD = gnu11;
				GCC_NO_COMMON_BLOCKS = YES;
				GCC_WARN_64_TO_32_BIT_CONVERSION = YES;
				GCC_WARN_ABOUT_RETURN_TYPE = YES_ERROR;
				GCC_WARN_UNDECLARED_SELECTOR = YES;
				GCC_WARN_UNINITIALIZED_AUTOS = YES_AGGRESSIVE;
				GCC_WARN_UNUSED_FUNCTION = YES;
				GCC_WARN_UNUSED_VARIABLE = YES;
				MACOSX_DEPLOYMENT_TARGET = 10.13;
				MTL_ENABLE_DEBUG_INFO = NO;
				SDKROOT = macosx;
				SWIFT_COMPILATION_MODE = wholemodule;
				SWIFT_OPTIMIZATION_LEVEL = "-O";
			};
			name = Release;
		};
		D2CD344320C37FA6005BD531 /* Debug */ = {
			isa = XCBuildConfiguration;
			buildSettings = {
				ASSETCATALOG_COMPILER_APPICON_NAME = AppIcon;
				CODE_SIGN_STYLE = Automatic;
				COMBINE_HIDPI_IMAGES = YES;
				DEVELOPMENT_TEAM = X5NHG8EC8E;
				FRAMEWORK_SEARCH_PATHS = (
					"$(inherited)",
					"$(PROJECT_DIR)",
				);
				INFOPLIST_FILE = EMViperGenerator/Info.plist;
				LD_RUNPATH_SEARCH_PATHS = (
					"$(inherited)",
					"@executable_path/../Frameworks",
				);
				PRODUCT_BUNDLE_IDENTIFIER = com.mariserman.EMViperGenerator;
				PRODUCT_NAME = "$(TARGET_NAME)";
				SWIFT_VERSION = 4.0;
			};
			name = Debug;
		};
		D2CD344420C37FA6005BD531 /* Release */ = {
			isa = XCBuildConfiguration;
			buildSettings = {
				ASSETCATALOG_COMPILER_APPICON_NAME = AppIcon;
				CODE_SIGN_STYLE = Automatic;
				COMBINE_HIDPI_IMAGES = YES;
				DEVELOPMENT_TEAM = X5NHG8EC8E;
				FRAMEWORK_SEARCH_PATHS = (
					"$(inherited)",
					"$(PROJECT_DIR)",
				);
				INFOPLIST_FILE = EMViperGenerator/Info.plist;
				LD_RUNPATH_SEARCH_PATHS = (
					"$(inherited)",
					"@executable_path/../Frameworks",
				);
				PRODUCT_BUNDLE_IDENTIFIER = com.mariserman.EMViperGenerator;
				PRODUCT_NAME = "$(TARGET_NAME)";
				SWIFT_VERSION = 4.0;
			};
			name = Release;
		};
/* End XCBuildConfiguration section */

/* Begin XCConfigurationList section */
		D2CD342D20C37FA2005BD531 /* Build configuration list for PBXProject "EMViperGenerator" */ = {
			isa = XCConfigurationList;
			buildConfigurations = (
				D2CD344020C37FA6005BD531 /* Debug */,
				D2CD344120C37FA6005BD531 /* Release */,
			);
			defaultConfigurationIsVisible = 0;
			defaultConfigurationName = Release;
		};
		D2CD344220C37FA6005BD531 /* Build configuration list for PBXNativeTarget "EMViperGenerator" */ = {
			isa = XCConfigurationList;
			buildConfigurations = (
				D2CD344320C37FA6005BD531 /* Debug */,
				D2CD344420C37FA6005BD531 /* Release */,
			);
			defaultConfigurationIsVisible = 0;
			defaultConfigurationName = Release;
		};
/* End XCConfigurationList section */
	};
	rootObject = D2CD342A20C37FA2005BD531 /* Project object */;
}
